# This file was autogenerated by Stack.
# You should not edit this file by hand.
# For more information, please see the documentation at:
#   https://docs.haskellstack.org/en/stable/lock_files

packages:
- completed:
    hackage: jwt-0.7.2@sha256:b5858c05476741b4dc7f9f075bb8c8aca128ed25a9f325d937d370aa3d4910e1,4073
    pantry-tree:
      size: 978
      sha256: 8e5b90fe8051580276d073ec028eeb2073f993c42ed9db040d73261978687a0b
  original:
    hackage: jwt-0.7.2@sha256:b5858c05476741b4dc7f9f075bb8c8aca128ed25a9f325d937d370aa3d4910e1
snapshots:
- completed:
    size: 498402
    url: https://raw.githubusercontent.com/commercialhaskell/stackage-snapshots/master/lts/13/24.yaml
    sha256: 33e96adfe24f112b62f6edd22565cdbaa13155703bbfbfdc3d0a9bc6138ae7bf
  original: lts-13.24
