# This file was autogenerated by Stack.
# You should not edit this file by hand.
# For more information, please see the documentation at:
#   https://docs.haskellstack.org/en/stable/lock_files

packages:
- completed:
    hackage: graphql-api-0.3.0@sha256:57555fc53e397d341045d315b7172025cf336b8e947247c05c9379dc6bf9e835,3966
    pantry-tree:
      size: 2422
      sha256: 68989ce9e0ba996531538d2e013776590c7c30de6ab5c139763b5f28a634ad26
  original:
    hackage: graphql-api-0.3.0@sha256:57555fc53e397d341045d315b7172025cf336b8e947247c05c9379dc6bf9e835
snapshots:
- completed:
    size: 509471
    url: https://raw.githubusercontent.com/commercialhaskell/stackage-snapshots/master/lts/12/26.yaml
    sha256: 95f014df58d0679b1c4a2b7bf2b652b61da8d30de5f571abb0d59015ef678646
  original: lts-12.26
